{
  "originHash" : "dd4d616c82af57b6f0d1984bfceab0789febdce4e55298a6081ad21f214a5661",
  "pins" : [
    {
      "identity" : "foil",
      "kind" : "remoteSourceControl",
      "location" : "https://github.com/jessesquires/Foil.git",
      "state" : {
        "revision" : "977201c9cab14cb09158005698eeaee58e85efb4",
        "version" : "4.0.1"
      }
    },
    {
      "identity" : "keychainaccess",
      "kind" : "remoteSourceControl",
      "location" : "https://github.com/kishikawakatsumi/KeychainAccess.git",
      "state" : {
        "branch" : "master",
        "revision" : "e0c7eebc5a4465a3c4680764f26b7a61f567cdaf"
      }
    },
    {
      "identity" : "swift-system",
      "kind" : "remoteSourceControl",
      "location" : "https://github.com/apple/swift-system.git",
      "state" : {
        "revision" : "025bcb1165deab2e20d4eaba79967ce73013f496",
        "version" : "1.2.1"
      }
    },
    {
      "identity" : "swift-url",
      "kind" : "remoteSourceControl",
      "location" : "https://github.com/karwa/swift-url.git",
      "state" : {
        "revision" : "a04b0e57f148698d091c90392901ce92fd0c5623",
        "version" : "0.4.1"
      }
    },
    {
      "identity" : "swiftcloud",
      "kind" : "remoteSourceControl",
      "location" : "https://github.com/nafehshoaib/SwiftCloud.git",
      "state" : {
        "branch" : "main",
        "revision" : "091367818ffbf0a45ddfcab1c9756db7252e153f"
      }
    },
    {
      "identity" : "swiftdate",
      "kind" : "remoteSourceControl",
      "location" : "https://github.com/malcommac/SwiftDate.git",
      "state" : {
        "revision" : "5d943224c3bb173e6ecf27295611615eba90c80e",
        "version" : "7.0.0"
      }
    },
    {
      "identity" : "swiftyjson",
      "kind" : "remoteSourceControl",
      "location" : "https://github.com/SwiftyJSON/SwiftyJSON.git",
      "state" : {
        "revision" : "b3dcd7dbd0d488e1a7077cb33b00f2083e382f07",
        "version" : "5.0.1"
      }
    },
    {
      "identity" : "usefulswift",
      "kind" : "remoteSourceControl",
      "location" : "https://github.com/nafehshoaib/UsefulSwift.git",
      "state" : {
        "branch" : "main",
        "revision" : "b85230a4acec6054de5134e4bd165e1c0bf55a17"
      }
    }
  ],
  "version" : 3
}
